
Microsoft Visual Studio Solution File, Format Version 12.00
# Visual Studio 14
VisualStudioVersion = 14.0.25420.1
MinimumVisualStudioVersion = 10.0.40219.1
Project("{8BB2217D-0F2D-49D1-97BC-3654ED321F3B}") = "Serilog.LogglyBulkSink", "Serilog.LogglyBulkSink\Serilog.LogglyBulkSink.xproj", "{F52DB231-B007-4DA8-AD05-AA964C51FF72}"
EndProject
Project("{8BB2217D-0F2D-49D1-97BC-3654ED321F3B}") = "Serilog.LogglyBulkSink.Tests", "Serilog.LogglyBulkSink.Tests\Serilog.LogglyBulkSink.Tests.xproj", "{55823B43-3C23-4B63-A92A-FB067737F3AB}"
EndProject
Global
	GlobalSection(SolutionConfigurationPlatforms) = preSolution
		Debug|Any CPU = Debug|Any CPU
		Release|Any CPU = Release|Any CPU
	EndGlobalSection
	GlobalSection(ProjectConfigurationPlatforms) = postSolution
		{F52DB231-B007-4DA8-AD05-AA964C51FF72}.Debug|Any CPU.ActiveCfg = Debug|Any CPU
		{F52DB231-B007-4DA8-AD05-AA964C51FF72}.Debug|Any CPU.Build.0 = Debug|Any CPU
		{F52DB231-B007-4DA8-AD05-AA964C51FF72}.Release|Any CPU.ActiveCfg = Release|Any CPU
		{F52DB231-B007-4DA8-AD05-AA964C51FF72}.Release|Any CPU.Build.0 = Release|Any CPU
		{55823B43-3C23-4B63-A92A-FB067737F3AB}.Debug|Any CPU.ActiveCfg = Debug|Any CPU
		{55823B43-3C23-4B63-A92A-FB067737F3AB}.Debug|Any CPU.Build.0 = Debug|Any CPU
		{55823B43-3C23-4B63-A92A-FB067737F3AB}.Release|Any CPU.ActiveCfg = Release|Any CPU
		{55823B43-3C23-4B63-A92A-FB067737F3AB}.Release|Any CPU.Build.0 = Release|Any CPU
	EndGlobalSection
	GlobalSection(SolutionProperties) = preSolution
		HideSolutionNode = FALSE
	EndGlobalSection
EndGlobal
