
Microsoft Visual Studio Solution File, Format Version 12.00
# Visual Studio 15
VisualStudioVersion = 15.0.26430.13
MinimumVisualStudioVersion = 10.0.40219.1
Project("{9A19103F-16F7-4668-BE54-9A1E7A4F7556}") = "Serilog.LogglyBulkSink", "Serilog.LogglyBulkSink\Serilog.LogglyBulkSink.csproj", "{F52DB231-B007-4DA8-AD05-AA964C51FF72}"
EndProject
Project("{9A19103F-16F7-4668-BE54-9A1E7A4F7556}") = "Serilog.LogglyBulkSink.Tests", "Serilog.LogglyBulkSink.Tests\Serilog.LogglyBulkSink.Tests.csproj", "{55823B43-3C23-4B63-A92A-FB067737F3AB}"
EndProject
Project("{FAE04EC0-301F-11D3-BF4B-00C04F79EFBC}") = "Serilog.LogglyBulkSink.Tests.UWP", "Serilog.LogglyBulkSink.Tests.UWP\Serilog.LogglyBulkSink.Tests.UWP.csproj", "{0862353F-7CB7-4D58-96DE-CC4092493091}"
EndProject
Global
	GlobalSection(SolutionConfigurationPlatforms) = preSolution
		Debug|Any CPU = Debug|Any CPU
		Debug|ARM = Debug|ARM
		Debug|x64 = Debug|x64
		Debug|x86 = Debug|x86
		Release|Any CPU = Release|Any CPU
		Release|ARM = Release|ARM
		Release|x64 = Release|x64
		Release|x86 = Release|x86
	EndGlobalSection
	GlobalSection(ProjectConfigurationPlatforms) = postSolution
		{F52DB231-B007-4DA8-AD05-AA964C51FF72}.Debug|Any CPU.ActiveCfg = Debug|Any CPU
		{F52DB231-B007-4DA8-AD05-AA964C51FF72}.Debug|Any CPU.Build.0 = Debug|Any CPU
		{F52DB231-B007-4DA8-AD05-AA964C51FF72}.Debug|ARM.ActiveCfg = Debug|Any CPU
		{F52DB231-B007-4DA8-AD05-AA964C51FF72}.Debug|ARM.Build.0 = Debug|Any CPU
		{F52DB231-B007-4DA8-AD05-AA964C51FF72}.Debug|x64.ActiveCfg = Debug|Any CPU
		{F52DB231-B007-4DA8-AD05-AA964C51FF72}.Debug|x64.Build.0 = Debug|Any CPU
		{F52DB231-B007-4DA8-AD05-AA964C51FF72}.Debug|x86.ActiveCfg = Debug|Any CPU
		{F52DB231-B007-4DA8-AD05-AA964C51FF72}.Debug|x86.Build.0 = Debug|Any CPU
		{F52DB231-B007-4DA8-AD05-AA964C51FF72}.Release|Any CPU.ActiveCfg = Release|Any CPU
		{F52DB231-B007-4DA8-AD05-AA964C51FF72}.Release|Any CPU.Build.0 = Release|Any CPU
		{F52DB231-B007-4DA8-AD05-AA964C51FF72}.Release|ARM.ActiveCfg = Release|Any CPU
		{F52DB231-B007-4DA8-AD05-AA964C51FF72}.Release|ARM.Build.0 = Release|Any CPU
		{F52DB231-B007-4DA8-AD05-AA964C51FF72}.Release|x64.ActiveCfg = Release|Any CPU
		{F52DB231-B007-4DA8-AD05-AA964C51FF72}.Release|x64.Build.0 = Release|Any CPU
		{F52DB231-B007-4DA8-AD05-AA964C51FF72}.Release|x86.ActiveCfg = Release|Any CPU
		{F52DB231-B007-4DA8-AD05-AA964C51FF72}.Release|x86.Build.0 = Release|Any CPU
		{55823B43-3C23-4B63-A92A-FB067737F3AB}.Debug|Any CPU.ActiveCfg = Debug|Any CPU
		{55823B43-3C23-4B63-A92A-FB067737F3AB}.Debug|Any CPU.Build.0 = Debug|Any CPU
		{55823B43-3C23-4B63-A92A-FB067737F3AB}.Debug|ARM.ActiveCfg = Debug|Any CPU
		{55823B43-3C23-4B63-A92A-FB067737F3AB}.Debug|ARM.Build.0 = Debug|Any CPU
		{55823B43-3C23-4B63-A92A-FB067737F3AB}.Debug|x64.ActiveCfg = Debug|Any CPU
		{55823B43-3C23-4B63-A92A-FB067737F3AB}.Debug|x64.Build.0 = Debug|Any CPU
		{55823B43-3C23-4B63-A92A-FB067737F3AB}.Debug|x86.ActiveCfg = Debug|Any CPU
		{55823B43-3C23-4B63-A92A-FB067737F3AB}.Debug|x86.Build.0 = Debug|Any CPU
		{55823B43-3C23-4B63-A92A-FB067737F3AB}.Release|Any CPU.ActiveCfg = Release|Any CPU
		{55823B43-3C23-4B63-A92A-FB067737F3AB}.Release|Any CPU.Build.0 = Release|Any CPU
		{55823B43-3C23-4B63-A92A-FB067737F3AB}.Release|ARM.ActiveCfg = Release|Any CPU
		{55823B43-3C23-4B63-A92A-FB067737F3AB}.Release|ARM.Build.0 = Release|Any CPU
		{55823B43-3C23-4B63-A92A-FB067737F3AB}.Release|x64.ActiveCfg = Release|Any CPU
		{55823B43-3C23-4B63-A92A-FB067737F3AB}.Release|x64.Build.0 = Release|Any CPU
		{55823B43-3C23-4B63-A92A-FB067737F3AB}.Release|x86.ActiveCfg = Release|Any CPU
		{55823B43-3C23-4B63-A92A-FB067737F3AB}.Release|x86.Build.0 = Release|Any CPU
		{0862353F-7CB7-4D58-96DE-CC4092493091}.Debug|Any CPU.ActiveCfg = Debug|x64
		{0862353F-7CB7-4D58-96DE-CC4092493091}.Debug|Any CPU.Build.0 = Debug|x64
		{0862353F-7CB7-4D58-96DE-CC4092493091}.Debug|Any CPU.Deploy.0 = Debug|x64
		{0862353F-7CB7-4D58-96DE-CC4092493091}.Debug|ARM.ActiveCfg = Debug|ARM
		{0862353F-7CB7-4D58-96DE-CC4092493091}.Debug|ARM.Build.0 = Debug|ARM
		{0862353F-7CB7-4D58-96DE-CC4092493091}.Debug|ARM.Deploy.0 = Debug|ARM
		{0862353F-7CB7-4D58-96DE-CC4092493091}.Debug|x64.ActiveCfg = Debug|x64
		{0862353F-7CB7-4D58-96DE-CC4092493091}.Debug|x64.Build.0 = Debug|x64
		{0862353F-7CB7-4D58-96DE-CC4092493091}.Debug|x64.Deploy.0 = Debug|x64
		{0862353F-7CB7-4D58-96DE-CC4092493091}.Debug|x86.ActiveCfg = Debug|x86
		{0862353F-7CB7-4D58-96DE-CC4092493091}.Debug|x86.Build.0 = Debug|x86
		{0862353F-7CB7-4D58-96DE-CC4092493091}.Debug|x86.Deploy.0 = Debug|x86
		{0862353F-7CB7-4D58-96DE-CC4092493091}.Release|Any CPU.ActiveCfg = Release|x86
		{0862353F-7CB7-4D58-96DE-CC4092493091}.Release|Any CPU.Build.0 = Release|x86
		{0862353F-7CB7-4D58-96DE-CC4092493091}.Release|Any CPU.Deploy.0 = Release|x86
		{0862353F-7CB7-4D58-96DE-CC4092493091}.Release|ARM.ActiveCfg = Release|ARM
		{0862353F-7CB7-4D58-96DE-CC4092493091}.Release|ARM.Build.0 = Release|ARM
		{0862353F-7CB7-4D58-96DE-CC4092493091}.Release|ARM.Deploy.0 = Release|ARM
		{0862353F-7CB7-4D58-96DE-CC4092493091}.Release|x64.ActiveCfg = Release|x64
		{0862353F-7CB7-4D58-96DE-CC4092493091}.Release|x64.Build.0 = Release|x64
		{0862353F-7CB7-4D58-96DE-CC4092493091}.Release|x64.Deploy.0 = Release|x64
		{0862353F-7CB7-4D58-96DE-CC4092493091}.Release|x86.ActiveCfg = Release|x86
		{0862353F-7CB7-4D58-96DE-CC4092493091}.Release|x86.Build.0 = Release|x86
		{0862353F-7CB7-4D58-96DE-CC4092493091}.Release|x86.Deploy.0 = Release|x86
	EndGlobalSection
	GlobalSection(SolutionProperties) = preSolution
		HideSolutionNode = FALSE
	EndGlobalSection
EndGlobal
