
Microsoft Visual Studio Solution File, Format Version 12.00
# Visual Studio 15
VisualStudioVersion = 15.0.26430.13
MinimumVisualStudioVersion = 10.0.40219.1
Project("{9A19103F-16F7-4668-BE54-9A1E7A4F7556}") = "Serilog.LogglyBulkSink", "Serilog.LogglyBulkSink\Serilog.LogglyBulkSink.csproj", "{F52DB231-B007-4DA8-AD05-AA964C51FF72}"
EndProject
Project("{FAE04EC0-301F-11D3-BF4B-00C04F79EFBC}") = "Serilog.LogglyBulkSink.Tests.UWP", "Serilog.LogglyBulkSink.Tests.UWP\Serilog.LogglyBulkSink.Tests.UWP.csproj", "{02B965FF-4ED7-4923-9FB8-C71F1EBB2029}"
EndProject
Project("{FAE04EC0-301F-11D3-BF4B-00C04F79EFBC}") = "Serilog.LogglyBulkSink.Tests.Portable", "Serilog.LogglyBulkSink.Tests.Portable\Serilog.LogglyBulkSink.Tests.Portable.csproj", "{3F3A750D-3BB0-47BD-B35E-1100ED9DAC7B}"
EndProject
Project("{FAE04EC0-301F-11D3-BF4B-00C04F79EFBC}") = "Serilog.LogglyBulkSink.Tests.NetFramework", "Serilog.LogglyBulkSink.Tests.NetFramework\Serilog.LogglyBulkSink.Tests.NetFramework.csproj", "{F4B89E80-B53D-4269-8CE4-BC3337DE7EFA}"
EndProject
Project("{9A19103F-16F7-4668-BE54-9A1E7A4F7556}") = "Serilog.LogglyBulkSink.Tests.NetStandard", "Serilog.LogglyBulkSink.Tests.NetStandard\Serilog.LogglyBulkSink.Tests.NetStandard.csproj", "{84E01B6A-FB3B-4176-8D7F-63C82355B8F6}"
EndProject
Global
	GlobalSection(SolutionConfigurationPlatforms) = preSolution
		Debug|Any CPU = Debug|Any CPU
		Debug|ARM = Debug|ARM
		Debug|x64 = Debug|x64
		Debug|x86 = Debug|x86
		Release|Any CPU = Release|Any CPU
		Release|ARM = Release|ARM
		Release|x64 = Release|x64
		Release|x86 = Release|x86
	EndGlobalSection
	GlobalSection(ProjectConfigurationPlatforms) = postSolution
		{F52DB231-B007-4DA8-AD05-AA964C51FF72}.Debug|Any CPU.ActiveCfg = Debug|Any CPU
		{F52DB231-B007-4DA8-AD05-AA964C51FF72}.Debug|Any CPU.Build.0 = Debug|Any CPU
		{F52DB231-B007-4DA8-AD05-AA964C51FF72}.Debug|ARM.ActiveCfg = Debug|Any CPU
		{F52DB231-B007-4DA8-AD05-AA964C51FF72}.Debug|ARM.Build.0 = Debug|Any CPU
		{F52DB231-B007-4DA8-AD05-AA964C51FF72}.Debug|x64.ActiveCfg = Debug|Any CPU
		{F52DB231-B007-4DA8-AD05-AA964C51FF72}.Debug|x64.Build.0 = Debug|Any CPU
		{F52DB231-B007-4DA8-AD05-AA964C51FF72}.Debug|x86.ActiveCfg = Debug|Any CPU
		{F52DB231-B007-4DA8-AD05-AA964C51FF72}.Debug|x86.Build.0 = Debug|Any CPU
		{F52DB231-B007-4DA8-AD05-AA964C51FF72}.Release|Any CPU.ActiveCfg = Release|Any CPU
		{F52DB231-B007-4DA8-AD05-AA964C51FF72}.Release|Any CPU.Build.0 = Release|Any CPU
		{F52DB231-B007-4DA8-AD05-AA964C51FF72}.Release|ARM.ActiveCfg = Release|Any CPU
		{F52DB231-B007-4DA8-AD05-AA964C51FF72}.Release|ARM.Build.0 = Release|Any CPU
		{F52DB231-B007-4DA8-AD05-AA964C51FF72}.Release|x64.ActiveCfg = Release|Any CPU
		{F52DB231-B007-4DA8-AD05-AA964C51FF72}.Release|x64.Build.0 = Release|Any CPU
		{F52DB231-B007-4DA8-AD05-AA964C51FF72}.Release|x86.ActiveCfg = Release|Any CPU
		{F52DB231-B007-4DA8-AD05-AA964C51FF72}.Release|x86.Build.0 = Release|Any CPU
		{02B965FF-4ED7-4923-9FB8-C71F1EBB2029}.Debug|Any CPU.ActiveCfg = Debug|x86
		{02B965FF-4ED7-4923-9FB8-C71F1EBB2029}.Debug|Any CPU.Build.0 = Debug|x86
		{02B965FF-4ED7-4923-9FB8-C71F1EBB2029}.Debug|Any CPU.Deploy.0 = Debug|x86
		{02B965FF-4ED7-4923-9FB8-C71F1EBB2029}.Debug|ARM.ActiveCfg = Debug|ARM
		{02B965FF-4ED7-4923-9FB8-C71F1EBB2029}.Debug|ARM.Build.0 = Debug|ARM
		{02B965FF-4ED7-4923-9FB8-C71F1EBB2029}.Debug|ARM.Deploy.0 = Debug|ARM
		{02B965FF-4ED7-4923-9FB8-C71F1EBB2029}.Debug|x64.ActiveCfg = Debug|x64
		{02B965FF-4ED7-4923-9FB8-C71F1EBB2029}.Debug|x64.Build.0 = Debug|x64
		{02B965FF-4ED7-4923-9FB8-C71F1EBB2029}.Debug|x64.Deploy.0 = Debug|x64
		{02B965FF-4ED7-4923-9FB8-C71F1EBB2029}.Debug|x86.ActiveCfg = Debug|x86
		{02B965FF-4ED7-4923-9FB8-C71F1EBB2029}.Debug|x86.Build.0 = Debug|x86
		{02B965FF-4ED7-4923-9FB8-C71F1EBB2029}.Debug|x86.Deploy.0 = Debug|x86
		{02B965FF-4ED7-4923-9FB8-C71F1EBB2029}.Release|Any CPU.ActiveCfg = Release|x86
		{02B965FF-4ED7-4923-9FB8-C71F1EBB2029}.Release|ARM.ActiveCfg = Release|ARM
		{02B965FF-4ED7-4923-9FB8-C71F1EBB2029}.Release|ARM.Build.0 = Release|ARM
		{02B965FF-4ED7-4923-9FB8-C71F1EBB2029}.Release|ARM.Deploy.0 = Release|ARM
		{02B965FF-4ED7-4923-9FB8-C71F1EBB2029}.Release|x64.ActiveCfg = Release|x64
		{02B965FF-4ED7-4923-9FB8-C71F1EBB2029}.Release|x64.Build.0 = Release|x64
		{02B965FF-4ED7-4923-9FB8-C71F1EBB2029}.Release|x64.Deploy.0 = Release|x64
		{02B965FF-4ED7-4923-9FB8-C71F1EBB2029}.Release|x86.ActiveCfg = Release|x86
		{02B965FF-4ED7-4923-9FB8-C71F1EBB2029}.Release|x86.Build.0 = Release|x86
		{02B965FF-4ED7-4923-9FB8-C71F1EBB2029}.Release|x86.Deploy.0 = Release|x86
		{3F3A750D-3BB0-47BD-B35E-1100ED9DAC7B}.Debug|Any CPU.ActiveCfg = Debug|Any CPU
		{3F3A750D-3BB0-47BD-B35E-1100ED9DAC7B}.Debug|Any CPU.Build.0 = Debug|Any CPU
		{3F3A750D-3BB0-47BD-B35E-1100ED9DAC7B}.Debug|ARM.ActiveCfg = Debug|Any CPU
		{3F3A750D-3BB0-47BD-B35E-1100ED9DAC7B}.Debug|ARM.Build.0 = Debug|Any CPU
		{3F3A750D-3BB0-47BD-B35E-1100ED9DAC7B}.Debug|x64.ActiveCfg = Debug|Any CPU
		{3F3A750D-3BB0-47BD-B35E-1100ED9DAC7B}.Debug|x64.Build.0 = Debug|Any CPU
		{3F3A750D-3BB0-47BD-B35E-1100ED9DAC7B}.Debug|x86.ActiveCfg = Debug|Any CPU
		{3F3A750D-3BB0-47BD-B35E-1100ED9DAC7B}.Debug|x86.Build.0 = Debug|Any CPU
		{3F3A750D-3BB0-47BD-B35E-1100ED9DAC7B}.Release|Any CPU.ActiveCfg = Release|Any CPU
		{3F3A750D-3BB0-47BD-B35E-1100ED9DAC7B}.Release|Any CPU.Build.0 = Release|Any CPU
		{3F3A750D-3BB0-47BD-B35E-1100ED9DAC7B}.Release|ARM.ActiveCfg = Release|Any CPU
		{3F3A750D-3BB0-47BD-B35E-1100ED9DAC7B}.Release|ARM.Build.0 = Release|Any CPU
		{3F3A750D-3BB0-47BD-B35E-1100ED9DAC7B}.Release|x64.ActiveCfg = Release|Any CPU
		{3F3A750D-3BB0-47BD-B35E-1100ED9DAC7B}.Release|x64.Build.0 = Release|Any CPU
		{3F3A750D-3BB0-47BD-B35E-1100ED9DAC7B}.Release|x86.ActiveCfg = Release|Any CPU
		{3F3A750D-3BB0-47BD-B35E-1100ED9DAC7B}.Release|x86.Build.0 = Release|Any CPU
		{F4B89E80-B53D-4269-8CE4-BC3337DE7EFA}.Debug|Any CPU.ActiveCfg = Debug|Any CPU
		{F4B89E80-B53D-4269-8CE4-BC3337DE7EFA}.Debug|Any CPU.Build.0 = Debug|Any CPU
		{F4B89E80-B53D-4269-8CE4-BC3337DE7EFA}.Debug|ARM.ActiveCfg = Debug|Any CPU
		{F4B89E80-B53D-4269-8CE4-BC3337DE7EFA}.Debug|ARM.Build.0 = Debug|Any CPU
		{F4B89E80-B53D-4269-8CE4-BC3337DE7EFA}.Debug|x64.ActiveCfg = Debug|Any CPU
		{F4B89E80-B53D-4269-8CE4-BC3337DE7EFA}.Debug|x64.Build.0 = Debug|Any CPU
		{F4B89E80-B53D-4269-8CE4-BC3337DE7EFA}.Debug|x86.ActiveCfg = Debug|Any CPU
		{F4B89E80-B53D-4269-8CE4-BC3337DE7EFA}.Debug|x86.Build.0 = Debug|Any CPU
		{F4B89E80-B53D-4269-8CE4-BC3337DE7EFA}.Release|Any CPU.ActiveCfg = Release|Any CPU
		{F4B89E80-B53D-4269-8CE4-BC3337DE7EFA}.Release|Any CPU.Build.0 = Release|Any CPU
		{F4B89E80-B53D-4269-8CE4-BC3337DE7EFA}.Release|ARM.ActiveCfg = Release|Any CPU
		{F4B89E80-B53D-4269-8CE4-BC3337DE7EFA}.Release|ARM.Build.0 = Release|Any CPU
		{F4B89E80-B53D-4269-8CE4-BC3337DE7EFA}.Release|x64.ActiveCfg = Release|Any CPU
		{F4B89E80-B53D-4269-8CE4-BC3337DE7EFA}.Release|x64.Build.0 = Release|Any CPU
		{F4B89E80-B53D-4269-8CE4-BC3337DE7EFA}.Release|x86.ActiveCfg = Release|Any CPU
		{F4B89E80-B53D-4269-8CE4-BC3337DE7EFA}.Release|x86.Build.0 = Release|Any CPU
		{84E01B6A-FB3B-4176-8D7F-63C82355B8F6}.Debug|Any CPU.ActiveCfg = Debug|Any CPU
		{84E01B6A-FB3B-4176-8D7F-63C82355B8F6}.Debug|Any CPU.Build.0 = Debug|Any CPU
		{84E01B6A-FB3B-4176-8D7F-63C82355B8F6}.Debug|ARM.ActiveCfg = Debug|Any CPU
		{84E01B6A-FB3B-4176-8D7F-63C82355B8F6}.Debug|ARM.Build.0 = Debug|Any CPU
		{84E01B6A-FB3B-4176-8D7F-63C82355B8F6}.Debug|x64.ActiveCfg = Debug|Any CPU
		{84E01B6A-FB3B-4176-8D7F-63C82355B8F6}.Debug|x64.Build.0 = Debug|Any CPU
		{84E01B6A-FB3B-4176-8D7F-63C82355B8F6}.Debug|x86.ActiveCfg = Debug|Any CPU
		{84E01B6A-FB3B-4176-8D7F-63C82355B8F6}.Debug|x86.Build.0 = Debug|Any CPU
		{84E01B6A-FB3B-4176-8D7F-63C82355B8F6}.Release|Any CPU.ActiveCfg = Release|Any CPU
		{84E01B6A-FB3B-4176-8D7F-63C82355B8F6}.Release|Any CPU.Build.0 = Release|Any CPU
		{84E01B6A-FB3B-4176-8D7F-63C82355B8F6}.Release|ARM.ActiveCfg = Release|Any CPU
		{84E01B6A-FB3B-4176-8D7F-63C82355B8F6}.Release|ARM.Build.0 = Release|Any CPU
		{84E01B6A-FB3B-4176-8D7F-63C82355B8F6}.Release|x64.ActiveCfg = Release|Any CPU
		{84E01B6A-FB3B-4176-8D7F-63C82355B8F6}.Release|x64.Build.0 = Release|Any CPU
		{84E01B6A-FB3B-4176-8D7F-63C82355B8F6}.Release|x86.ActiveCfg = Release|Any CPU
		{84E01B6A-FB3B-4176-8D7F-63C82355B8F6}.Release|x86.Build.0 = Release|Any CPU
	EndGlobalSection
	GlobalSection(SolutionProperties) = preSolution
		HideSolutionNode = FALSE
	EndGlobalSection
EndGlobal
